hash: b83f2607f1abab76de97a974c5584eb6ebc62e6df5b752700cf46bc718c70315
updated: 2016-08-05T11:48:53.3439319-07:00
imports:
- name: github.com/irryan/tcp
  version: 07b1334b664e1ec66bbffd24dddba2c734938a8b
- name: github.com/onsi/ginkgo
  version: 74c678d97c305753605c338c6c78c49ec104b5e7
- name: github.com/onsi/gomega
  version: 9ed8da19f2156b87a803a8fdf6d126f627a12db1
- name: gopkg.in/yaml.v2
  version: e4d366fc3c7938e2958e662b4258c7a89e1f0e3e
testImports: []
